
Microsoft Visual Studio Solution File, Format Version 12.00
# Visual Studio Version 17
VisualStudioVersion = 17.0.31903.59
MinimumVisualStudioVersion = 10.0.40219.1
Project("{FAE04EC0-301F-11D3-BF4B-00C04F79EFBC}") = "payment-api", "payment-api\payment-api.csproj", "{46E7D75F-645C-4789-B051-8519F1D595B8}"
EndProject
Project("{2150E333-8FDC-42A3-9474-1A3956D46DE8}") = "tests", "tests", "{94E8A140-EC58-4DFD-B982-35A4FCF164EA}"
EndProject
Project("{FAE04EC0-301F-11D3-BF4B-00C04F79EFBC}") = "payment-api.Tests", "tests\payment-api.Tests\payment-api.Tests.csproj", "{D1F10C63-787F-46D5-9775-99B5B508F549}"
EndProject
Global
	GlobalSection(SolutionConfigurationPlatforms) = preSolution
		Debug|Any CPU = Debug|Any CPU
		Release|Any CPU = Release|Any CPU
	EndGlobalSection
	GlobalSection(SolutionProperties) = preSolution
		HideSolutionNode = FALSE
	EndGlobalSection
	GlobalSection(ProjectConfigurationPlatforms) = postSolution
		{46E7D75F-645C-4789-B051-8519F1D595B8}.Debug|Any CPU.ActiveCfg = Debug|Any CPU
		{46E7D75F-645C-4789-B051-8519F1D595B8}.Debug|Any CPU.Build.0 = Debug|Any CPU
		{46E7D75F-645C-4789-B051-8519F1D595B8}.Release|Any CPU.ActiveCfg = Release|Any CPU
		{46E7D75F-645C-4789-B051-8519F1D595B8}.Release|Any CPU.Build.0 = Release|Any CPU
		{D1F10C63-787F-46D5-9775-99B5B508F549}.Debug|Any CPU.ActiveCfg = Debug|Any CPU
		{D1F10C63-787F-46D5-9775-99B5B508F549}.Debug|Any CPU.Build.0 = Debug|Any CPU
		{D1F10C63-787F-46D5-9775-99B5B508F549}.Release|Any CPU.ActiveCfg = Release|Any CPU
		{D1F10C63-787F-46D5-9775-99B5B508F549}.Release|Any CPU.Build.0 = Release|Any CPU
	EndGlobalSection
	GlobalSection(NestedProjects) = preSolution
		{D1F10C63-787F-46D5-9775-99B5B508F549} = {94E8A140-EC58-4DFD-B982-35A4FCF164EA}
	EndGlobalSection
EndGlobal
